
Microsoft Visual Studio Solution File, Format Version 12.00
# Visual Studio Version 17
VisualStudioVersion = 17.0.32126.317
MinimumVisualStudioVersion = 10.0.40219.1
Project("{FAE04EC0-301F-11D3-BF4B-00C04F79EFBC}") = "ConsoleApp1.ExercícioCincoListaDois", "ConsoleApp1.ExercícioCincoListaDois\ConsoleApp1.ExercícioCincoListaDois.csproj", "{195E8C3A-AEFB-478E-AB34-D36DB0C2997E}"
EndProject
Global
	GlobalSection(SolutionConfigurationPlatforms) = preSolution
		Debug|Any CPU = Debug|Any CPU
		Release|Any CPU = Release|Any CPU
	EndGlobalSection
	GlobalSection(ProjectConfigurationPlatforms) = postSolution
		{195E8C3A-AEFB-478E-AB34-D36DB0C2997E}.Debug|Any CPU.ActiveCfg = Debug|Any CPU
		{195E8C3A-AEFB-478E-AB34-D36DB0C2997E}.Debug|Any CPU.Build.0 = Debug|Any CPU
		{195E8C3A-AEFB-478E-AB34-D36DB0C2997E}.Release|Any CPU.ActiveCfg = Release|Any CPU
		{195E8C3A-AEFB-478E-AB34-D36DB0C2997E}.Release|Any CPU.Build.0 = Release|Any CPU
	EndGlobalSection
	GlobalSection(SolutionProperties) = preSolution
		HideSolutionNode = FALSE
	EndGlobalSection
	GlobalSection(ExtensibilityGlobals) = postSolution
		SolutionGuid = {21452DCF-FC39-4521-A12F-A116DE73EC7B}
	EndGlobalSection
EndGlobal
